
Microsoft Visual Studio Solution File, Format Version 12.00
# Visual Studio Version 16
VisualStudioVersion = 16.0.30406.217
MinimumVisualStudioVersion = 10.0.40219.1
Project("{FAE04EC0-301F-11D3-BF4B-00C04F79EFBC}") = "TestDrive.Android", "TestDrive\TestDrive.Android\TestDrive.Android.csproj", "{DC46BE46-9605-4050-AF99-1FEBCBB1D5B2}"
EndProject
Project("{FAE04EC0-301F-11D3-BF4B-00C04F79EFBC}") = "TestDrive.iOS", "TestDrive\TestDrive.iOS\TestDrive.iOS.csproj", "{08F8EFF8-AAE6-4B9F-8538-8FABB5944C93}"
EndProject
Project("{FAE04EC0-301F-11D3-BF4B-00C04F79EFBC}") = "TestDrive", "TestDrive\TestDrive\TestDrive.csproj", "{1FC3B3EC-9A9D-4E70-B7C7-8BDD406184DA}"
EndProject
Global
	GlobalSection(SolutionConfigurationPlatforms) = preSolution
		Debug|Any CPU = Debug|Any CPU
		Debug|iPhone = Debug|iPhone
		Debug|iPhoneSimulator = Debug|iPhoneSimulator
		Release|Any CPU = Release|Any CPU
		Release|iPhone = Release|iPhone
		Release|iPhoneSimulator = Release|iPhoneSimulator
	EndGlobalSection
	GlobalSection(ProjectConfigurationPlatforms) = postSolution
		{DC46BE46-9605-4050-AF99-1FEBCBB1D5B2}.Debug|Any CPU.ActiveCfg = Debug|Any CPU
		{DC46BE46-9605-4050-AF99-1FEBCBB1D5B2}.Debug|Any CPU.Build.0 = Debug|Any CPU
		{DC46BE46-9605-4050-AF99-1FEBCBB1D5B2}.Debug|Any CPU.Deploy.0 = Debug|Any CPU
		{DC46BE46-9605-4050-AF99-1FEBCBB1D5B2}.Debug|iPhone.ActiveCfg = Debug|Any CPU
		{DC46BE46-9605-4050-AF99-1FEBCBB1D5B2}.Debug|iPhone.Build.0 = Debug|Any CPU
		{DC46BE46-9605-4050-AF99-1FEBCBB1D5B2}.Debug|iPhone.Deploy.0 = Debug|Any CPU
		{DC46BE46-9605-4050-AF99-1FEBCBB1D5B2}.Debug|iPhoneSimulator.ActiveCfg = Debug|Any CPU
		{DC46BE46-9605-4050-AF99-1FEBCBB1D5B2}.Debug|iPhoneSimulator.Build.0 = Debug|Any CPU
		{DC46BE46-9605-4050-AF99-1FEBCBB1D5B2}.Debug|iPhoneSimulator.Deploy.0 = Debug|Any CPU
		{DC46BE46-9605-4050-AF99-1FEBCBB1D5B2}.Release|Any CPU.ActiveCfg = Release|Any CPU
		{DC46BE46-9605-4050-AF99-1FEBCBB1D5B2}.Release|Any CPU.Build.0 = Release|Any CPU
		{DC46BE46-9605-4050-AF99-1FEBCBB1D5B2}.Release|Any CPU.Deploy.0 = Release|Any CPU
		{DC46BE46-9605-4050-AF99-1FEBCBB1D5B2}.Release|iPhone.ActiveCfg = Release|Any CPU
		{DC46BE46-9605-4050-AF99-1FEBCBB1D5B2}.Release|iPhone.Build.0 = Release|Any CPU
		{DC46BE46-9605-4050-AF99-1FEBCBB1D5B2}.Release|iPhone.Deploy.0 = Release|Any CPU
		{DC46BE46-9605-4050-AF99-1FEBCBB1D5B2}.Release|iPhoneSimulator.ActiveCfg = Release|Any CPU
		{DC46BE46-9605-4050-AF99-1FEBCBB1D5B2}.Release|iPhoneSimulator.Build.0 = Release|Any CPU
		{DC46BE46-9605-4050-AF99-1FEBCBB1D5B2}.Release|iPhoneSimulator.Deploy.0 = Release|Any CPU
		{08F8EFF8-AAE6-4B9F-8538-8FABB5944C93}.Debug|Any CPU.ActiveCfg = Debug|iPhone
		{08F8EFF8-AAE6-4B9F-8538-8FABB5944C93}.Debug|Any CPU.Build.0 = Debug|iPhone
		{08F8EFF8-AAE6-4B9F-8538-8FABB5944C93}.Debug|Any CPU.Deploy.0 = Debug|iPhone
		{08F8EFF8-AAE6-4B9F-8538-8FABB5944C93}.Debug|iPhone.ActiveCfg = Debug|iPhone
		{08F8EFF8-AAE6-4B9F-8538-8FABB5944C93}.Debug|iPhone.Build.0 = Debug|iPhone
		{08F8EFF8-AAE6-4B9F-8538-8FABB5944C93}.Debug|iPhone.Deploy.0 = Debug|iPhone
		{08F8EFF8-AAE6-4B9F-8538-8FABB5944C93}.Debug|iPhoneSimulator.ActiveCfg = Debug|iPhoneSimulator
		{08F8EFF8-AAE6-4B9F-8538-8FABB5944C93}.Debug|iPhoneSimulator.Build.0 = Debug|iPhoneSimulator
		{08F8EFF8-AAE6-4B9F-8538-8FABB5944C93}.Debug|iPhoneSimulator.Deploy.0 = Debug|iPhoneSimulator
		{08F8EFF8-AAE6-4B9F-8538-8FABB5944C93}.Release|Any CPU.ActiveCfg = Release|iPhone
		{08F8EFF8-AAE6-4B9F-8538-8FABB5944C93}.Release|Any CPU.Build.0 = Release|iPhone
		{08F8EFF8-AAE6-4B9F-8538-8FABB5944C93}.Release|Any CPU.Deploy.0 = Release|iPhone
		{08F8EFF8-AAE6-4B9F-8538-8FABB5944C93}.Release|iPhone.ActiveCfg = Release|iPhone
		{08F8EFF8-AAE6-4B9F-8538-8FABB5944C93}.Release|iPhone.Build.0 = Release|iPhone
		{08F8EFF8-AAE6-4B9F-8538-8FABB5944C93}.Release|iPhone.Deploy.0 = Release|iPhone
		{08F8EFF8-AAE6-4B9F-8538-8FABB5944C93}.Release|iPhoneSimulator.ActiveCfg = Release|iPhoneSimulator
		{08F8EFF8-AAE6-4B9F-8538-8FABB5944C93}.Release|iPhoneSimulator.Build.0 = Release|iPhoneSimulator
		{08F8EFF8-AAE6-4B9F-8538-8FABB5944C93}.Release|iPhoneSimulator.Deploy.0 = Release|iPhoneSimulator
		{1FC3B3EC-9A9D-4E70-B7C7-8BDD406184DA}.Debug|Any CPU.ActiveCfg = Debug|Any CPU
		{1FC3B3EC-9A9D-4E70-B7C7-8BDD406184DA}.Debug|Any CPU.Build.0 = Debug|Any CPU
		{1FC3B3EC-9A9D-4E70-B7C7-8BDD406184DA}.Debug|Any CPU.Deploy.0 = Debug|Any CPU
		{1FC3B3EC-9A9D-4E70-B7C7-8BDD406184DA}.Debug|iPhone.ActiveCfg = Debug|Any CPU
		{1FC3B3EC-9A9D-4E70-B7C7-8BDD406184DA}.Debug|iPhone.Build.0 = Debug|Any CPU
		{1FC3B3EC-9A9D-4E70-B7C7-8BDD406184DA}.Debug|iPhone.Deploy.0 = Debug|Any CPU
		{1FC3B3EC-9A9D-4E70-B7C7-8BDD406184DA}.Debug|iPhoneSimulator.ActiveCfg = Debug|Any CPU
		{1FC3B3EC-9A9D-4E70-B7C7-8BDD406184DA}.Debug|iPhoneSimulator.Build.0 = Debug|Any CPU
		{1FC3B3EC-9A9D-4E70-B7C7-8BDD406184DA}.Debug|iPhoneSimulator.Deploy.0 = Debug|Any CPU
		{1FC3B3EC-9A9D-4E70-B7C7-8BDD406184DA}.Release|Any CPU.ActiveCfg = Release|Any CPU
		{1FC3B3EC-9A9D-4E70-B7C7-8BDD406184DA}.Release|Any CPU.Build.0 = Release|Any CPU
		{1FC3B3EC-9A9D-4E70-B7C7-8BDD406184DA}.Release|Any CPU.Deploy.0 = Release|Any CPU
		{1FC3B3EC-9A9D-4E70-B7C7-8BDD406184DA}.Release|iPhone.ActiveCfg = Release|Any CPU
		{1FC3B3EC-9A9D-4E70-B7C7-8BDD406184DA}.Release|iPhone.Build.0 = Release|Any CPU
		{1FC3B3EC-9A9D-4E70-B7C7-8BDD406184DA}.Release|iPhone.Deploy.0 = Release|Any CPU
		{1FC3B3EC-9A9D-4E70-B7C7-8BDD406184DA}.Release|iPhoneSimulator.ActiveCfg = Release|Any CPU
		{1FC3B3EC-9A9D-4E70-B7C7-8BDD406184DA}.Release|iPhoneSimulator.Build.0 = Release|Any CPU
		{1FC3B3EC-9A9D-4E70-B7C7-8BDD406184DA}.Release|iPhoneSimulator.Deploy.0 = Release|Any CPU
	EndGlobalSection
	GlobalSection(SolutionProperties) = preSolution
		HideSolutionNode = FALSE
	EndGlobalSection
	GlobalSection(ExtensibilityGlobals) = postSolution
		SolutionGuid = {2C920D37-386C-4201-8FC2-33DCA15D6AA2}
	EndGlobalSection
EndGlobal
